
Microsoft Visual Studio Solution File, Format Version 12.00
# Visual Studio 2013
VisualStudioVersion = 12.0.31101.0
MinimumVisualStudioVersion = 10.0.40219.1
Project("{FAE04EC0-301F-11D3-BF4B-00C04F79EFBC}") = "MessageSender", "MessageSender\MessageSender.csproj", "{36179892-674D-40A5-9308-F71982559DC7}"
EndProject
Project("{FAE04EC0-301F-11D3-BF4B-00C04F79EFBC}") = "SSLTcpLib", "..\SSLTcpLib\SSLTcpLib.csproj", "{A3F4149B-1EE2-4376-8B3F-2CE4869E3A17}"
EndProject
Global
	GlobalSection(SolutionConfigurationPlatforms) = preSolution
		Debug|Any CPU = Debug|Any CPU
		Release|Any CPU = Release|Any CPU
	EndGlobalSection
	GlobalSection(ProjectConfigurationPlatforms) = postSolution
		{36179892-674D-40A5-9308-F71982559DC7}.Debug|Any CPU.ActiveCfg = Debug|Any CPU
		{36179892-674D-40A5-9308-F71982559DC7}.Debug|Any CPU.Build.0 = Debug|Any CPU
		{36179892-674D-40A5-9308-F71982559DC7}.Release|Any CPU.ActiveCfg = Release|Any CPU
		{36179892-674D-40A5-9308-F71982559DC7}.Release|Any CPU.Build.0 = Release|Any CPU
		{A3F4149B-1EE2-4376-8B3F-2CE4869E3A17}.Debug|Any CPU.ActiveCfg = Debug|Any CPU
		{A3F4149B-1EE2-4376-8B3F-2CE4869E3A17}.Debug|Any CPU.Build.0 = Debug|Any CPU
		{A3F4149B-1EE2-4376-8B3F-2CE4869E3A17}.Release|Any CPU.ActiveCfg = Release|Any CPU
		{A3F4149B-1EE2-4376-8B3F-2CE4869E3A17}.Release|Any CPU.Build.0 = Release|Any CPU
	EndGlobalSection
	GlobalSection(SolutionProperties) = preSolution
		HideSolutionNode = FALSE
	EndGlobalSection
EndGlobal
